
Microsoft Visual Studio Solution File, Format Version 12.00
# Visual Studio Version 16
VisualStudioVersion = 16.0.30611.23
MinimumVisualStudioVersion = 10.0.40219.1
Project("{FAE04EC0-301F-11D3-BF4B-00C04F79EFBC}") = "DTNLightningAlert", "DTNLightningAlert\DTNLightningAlert.csproj", "{93EE1C5C-46BE-4C4E-B251-2EF4AD6F8C54}"
EndProject
Project("{FAE04EC0-301F-11D3-BF4B-00C04F79EFBC}") = "DTNLightningAlert.Core", "DTNLightningAlert.Core\DTNLightningAlert.Core.csproj", "{9B80A26C-9564-4A47-AFC7-C40CBFD6817A}"
EndProject
Project("{FAE04EC0-301F-11D3-BF4B-00C04F79EFBC}") = "DTNLightningAlert.Core.Test", "DTNLightningAlert.Core.Test\DTNLightningAlert.Core.Test.csproj", "{C0A24F75-D7FC-43C2-999E-99FF68836A6F}"
EndProject
Global
	GlobalSection(SolutionConfigurationPlatforms) = preSolution
		Debug|Any CPU = Debug|Any CPU
		Release|Any CPU = Release|Any CPU
	EndGlobalSection
	GlobalSection(ProjectConfigurationPlatforms) = postSolution
		{93EE1C5C-46BE-4C4E-B251-2EF4AD6F8C54}.Debug|Any CPU.ActiveCfg = Debug|Any CPU
		{93EE1C5C-46BE-4C4E-B251-2EF4AD6F8C54}.Debug|Any CPU.Build.0 = Debug|Any CPU
		{93EE1C5C-46BE-4C4E-B251-2EF4AD6F8C54}.Release|Any CPU.ActiveCfg = Release|Any CPU
		{93EE1C5C-46BE-4C4E-B251-2EF4AD6F8C54}.Release|Any CPU.Build.0 = Release|Any CPU
		{9B80A26C-9564-4A47-AFC7-C40CBFD6817A}.Debug|Any CPU.ActiveCfg = Debug|Any CPU
		{9B80A26C-9564-4A47-AFC7-C40CBFD6817A}.Debug|Any CPU.Build.0 = Debug|Any CPU
		{9B80A26C-9564-4A47-AFC7-C40CBFD6817A}.Release|Any CPU.ActiveCfg = Release|Any CPU
		{9B80A26C-9564-4A47-AFC7-C40CBFD6817A}.Release|Any CPU.Build.0 = Release|Any CPU
		{C0A24F75-D7FC-43C2-999E-99FF68836A6F}.Debug|Any CPU.ActiveCfg = Debug|Any CPU
		{C0A24F75-D7FC-43C2-999E-99FF68836A6F}.Debug|Any CPU.Build.0 = Debug|Any CPU
		{C0A24F75-D7FC-43C2-999E-99FF68836A6F}.Release|Any CPU.ActiveCfg = Release|Any CPU
		{C0A24F75-D7FC-43C2-999E-99FF68836A6F}.Release|Any CPU.Build.0 = Release|Any CPU
	EndGlobalSection
	GlobalSection(SolutionProperties) = preSolution
		HideSolutionNode = FALSE
	EndGlobalSection
	GlobalSection(ExtensibilityGlobals) = postSolution
		SolutionGuid = {0214DF19-6C5B-4379-A742-31D0CE73C9E9}
	EndGlobalSection
EndGlobal
